
Microsoft Visual Studio Solution File, Format Version 12.00
# Visual Studio Version 17
VisualStudioVersion = 17.6.33626.354
MinimumVisualStudioVersion = 10.0.40219.1
Project("{2150E333-8FDC-42A3-9474-1A3956D46DE8}") = "3 - Domain", "3 - Domain", "{4A4D3E05-0F32-491E-973C-DBFD19769E1F}"
EndProject
Project("{FAE04EC0-301F-11D3-BF4B-00C04F79EFBC}") = "Moreno.ChessGame.Domain", "src\Moreno.ChessGame.Domain\Moreno.ChessGame.Domain.csproj", "{CAB89F55-A4E2-4E98-ACDD-8689CFBD3F87}"
EndProject
Global
	GlobalSection(SolutionConfigurationPlatforms) = preSolution
		Debug|Any CPU = Debug|Any CPU
		Release|Any CPU = Release|Any CPU
	EndGlobalSection
	GlobalSection(ProjectConfigurationPlatforms) = postSolution
		{CAB89F55-A4E2-4E98-ACDD-8689CFBD3F87}.Debug|Any CPU.ActiveCfg = Debug|Any CPU
		{CAB89F55-A4E2-4E98-ACDD-8689CFBD3F87}.Debug|Any CPU.Build.0 = Debug|Any CPU
		{CAB89F55-A4E2-4E98-ACDD-8689CFBD3F87}.Release|Any CPU.ActiveCfg = Release|Any CPU
		{CAB89F55-A4E2-4E98-ACDD-8689CFBD3F87}.Release|Any CPU.Build.0 = Release|Any CPU
	EndGlobalSection
	GlobalSection(SolutionProperties) = preSolution
		HideSolutionNode = FALSE
	EndGlobalSection
	GlobalSection(NestedProjects) = preSolution
		{CAB89F55-A4E2-4E98-ACDD-8689CFBD3F87} = {4A4D3E05-0F32-491E-973C-DBFD19769E1F}
	EndGlobalSection
	GlobalSection(ExtensibilityGlobals) = postSolution
		SolutionGuid = {A85E843E-8B11-4F36-8FA8-4928C6630337}
	EndGlobalSection
EndGlobal
